# This file is automatically @generated by Cargo.
# It is not intended for manual editing.
version = 3

[[package]]
name = "arrayvec"
version = "0.3.25"
source = "registry+https://github.com/rust-lang/crates.io-index"
checksum = "06f59fe10306bb78facd90d28c2038ad23ffaaefa85bac43c8a434cde383334f"
dependencies = [
 "nodrop",
 "odds",
]

[[package]]
name = "bfrs"
version = "0.1.0"
dependencies = [
 "x86asm",
]

[[package]]
name = "byteorder"
version = "1.5.0"
source = "registry+https://github.com/rust-lang/crates.io-index"
checksum = "1fd0f2584146f6f2ef48085050886acf353beff7305ebd1ae69500e27c67f64b"

[[package]]
name = "lazy_static"
version = "0.2.11"
source = "registry+https://github.com/rust-lang/crates.io-index"
checksum = "76f033c7ad61445c5b347c7382dd1237847eb1bce590fe50365dcb33d546be73"

[[package]]
name = "matches"
version = "0.1.10"
source = "registry+https://github.com/rust-lang/crates.io-index"
checksum = "2532096657941c2fea9c289d370a250971c689d4f143798ff67113ec042024a5"

[[package]]
name = "nodrop"
version = "0.1.14"
source = "registry+https://github.com/rust-lang/crates.io-index"
checksum = "72ef4a56884ca558e5ddb05a1d1e7e1bfd9a68d9ed024c21704cc98872dae1bb"

[[package]]
name = "odds"
version = "0.2.26"
source = "registry+https://github.com/rust-lang/crates.io-index"
checksum = "4eae0151b9dacf24fcc170d9995e511669a082856a91f958a2fe380bfab3fb22"

[[package]]
name = "x86asm"
version = "0.1.0"
source = "registry+https://github.com/rust-lang/crates.io-index"
checksum = "654d4c115f8c9d6fa88894ac6b22a5286871ba848ed70e7244fa176d15e217cc"
dependencies = [
 "arrayvec",
 "byteorder",
 "lazy_static",
 "matches",
]
